
Microsoft Visual Studio Solution File, Format Version 12.00
# Visual Studio 15
VisualStudioVersion = 15.0.27004.2009
MinimumVisualStudioVersion = 10.0.40219.1
Project("{FAE04EC0-301F-11D3-BF4B-00C04F79EFBC}") = "Arrays", "Arrays\Arrays.csproj", "{D425DC6E-622D-4093-B160-E06D6BDADC57}"
EndProject
Global
	GlobalSection(SolutionConfigurationPlatforms) = preSolution
		Debug|Any CPU = Debug|Any CPU
		Release|Any CPU = Release|Any CPU
	EndGlobalSection
	GlobalSection(ProjectConfigurationPlatforms) = postSolution
		{D425DC6E-622D-4093-B160-E06D6BDADC57}.Debug|Any CPU.ActiveCfg = Debug|Any CPU
		{D425DC6E-622D-4093-B160-E06D6BDADC57}.Debug|Any CPU.Build.0 = Debug|Any CPU
		{D425DC6E-622D-4093-B160-E06D6BDADC57}.Release|Any CPU.ActiveCfg = Release|Any CPU
		{D425DC6E-622D-4093-B160-E06D6BDADC57}.Release|Any CPU.Build.0 = Release|Any CPU
	EndGlobalSection
	GlobalSection(SolutionProperties) = preSolution
		HideSolutionNode = FALSE
	EndGlobalSection
	GlobalSection(ExtensibilityGlobals) = postSolution
		SolutionGuid = {080C5C01-94C0-4137-8BF2-CA18B6C87416}
	EndGlobalSection
EndGlobal
