
Microsoft Visual Studio Solution File, Format Version 12.00
# Visual Studio 15
VisualStudioVersion = 15.0.26430.6
MinimumVisualStudioVersion = 10.0.40219.1
Project("{FAE04EC0-301F-11D3-BF4B-00C04F79EFBC}") = "printing", "printing\printing.csproj", "{F5ACF71E-D1E4-4582-B6C3-9D610841FC02}"
EndProject
Project("{FAE04EC0-301F-11D3-BF4B-00C04F79EFBC}") = "Text-to-Number", "Text-to-Number\Text-to-Number.csproj", "{9A3DA5F1-57CB-4D62-8D0F-7D7D0D2D0E45}"
EndProject
Project("{FAE04EC0-301F-11D3-BF4B-00C04F79EFBC}") = "Saddy-Copper", "Saddy-Copper\Saddy-Copper.csproj", "{265BFC58-B1A6-489E-805D-77E0AE2F7EB0}"
EndProject
Project("{FAE04EC0-301F-11D3-BF4B-00C04F79EFBC}") = "Cube", "Cube\Cube.csproj", "{B229D3D4-372D-4A07-B0E8-CC3EED4E8EC7}"
EndProject
Project("{FAE04EC0-301F-11D3-BF4B-00C04F79EFBC}") = "BitsToBits", "BitsToBits\BitsToBits.csproj", "{CD9235EE-E27B-4856-90E3-C23BE5F0A699}"
EndProject
Global
	GlobalSection(SolutionConfigurationPlatforms) = preSolution
		Debug|Any CPU = Debug|Any CPU
		Release|Any CPU = Release|Any CPU
	EndGlobalSection
	GlobalSection(ProjectConfigurationPlatforms) = postSolution
		{F5ACF71E-D1E4-4582-B6C3-9D610841FC02}.Debug|Any CPU.ActiveCfg = Debug|Any CPU
		{F5ACF71E-D1E4-4582-B6C3-9D610841FC02}.Debug|Any CPU.Build.0 = Debug|Any CPU
		{F5ACF71E-D1E4-4582-B6C3-9D610841FC02}.Release|Any CPU.ActiveCfg = Release|Any CPU
		{F5ACF71E-D1E4-4582-B6C3-9D610841FC02}.Release|Any CPU.Build.0 = Release|Any CPU
		{9A3DA5F1-57CB-4D62-8D0F-7D7D0D2D0E45}.Debug|Any CPU.ActiveCfg = Debug|Any CPU
		{9A3DA5F1-57CB-4D62-8D0F-7D7D0D2D0E45}.Debug|Any CPU.Build.0 = Debug|Any CPU
		{9A3DA5F1-57CB-4D62-8D0F-7D7D0D2D0E45}.Release|Any CPU.ActiveCfg = Release|Any CPU
		{9A3DA5F1-57CB-4D62-8D0F-7D7D0D2D0E45}.Release|Any CPU.Build.0 = Release|Any CPU
		{265BFC58-B1A6-489E-805D-77E0AE2F7EB0}.Debug|Any CPU.ActiveCfg = Debug|Any CPU
		{265BFC58-B1A6-489E-805D-77E0AE2F7EB0}.Debug|Any CPU.Build.0 = Debug|Any CPU
		{265BFC58-B1A6-489E-805D-77E0AE2F7EB0}.Release|Any CPU.ActiveCfg = Release|Any CPU
		{265BFC58-B1A6-489E-805D-77E0AE2F7EB0}.Release|Any CPU.Build.0 = Release|Any CPU
		{B229D3D4-372D-4A07-B0E8-CC3EED4E8EC7}.Debug|Any CPU.ActiveCfg = Debug|Any CPU
		{B229D3D4-372D-4A07-B0E8-CC3EED4E8EC7}.Debug|Any CPU.Build.0 = Debug|Any CPU
		{B229D3D4-372D-4A07-B0E8-CC3EED4E8EC7}.Release|Any CPU.ActiveCfg = Release|Any CPU
		{B229D3D4-372D-4A07-B0E8-CC3EED4E8EC7}.Release|Any CPU.Build.0 = Release|Any CPU
		{CD9235EE-E27B-4856-90E3-C23BE5F0A699}.Debug|Any CPU.ActiveCfg = Debug|Any CPU
		{CD9235EE-E27B-4856-90E3-C23BE5F0A699}.Debug|Any CPU.Build.0 = Debug|Any CPU
		{CD9235EE-E27B-4856-90E3-C23BE5F0A699}.Release|Any CPU.ActiveCfg = Release|Any CPU
		{CD9235EE-E27B-4856-90E3-C23BE5F0A699}.Release|Any CPU.Build.0 = Release|Any CPU
	EndGlobalSection
	GlobalSection(SolutionProperties) = preSolution
		HideSolutionNode = FALSE
	EndGlobalSection
EndGlobal
